
Microsoft Visual Studio Solution File, Format Version 12.00
# Visual Studio 15
VisualStudioVersion = 15.0.28307.852
MinimumVisualStudioVersion = 10.0.40219.1
Project("{FAE04EC0-301F-11D3-BF4B-00C04F79EFBC}") = "Ecommerce", "Ecommerce\Ecommerce.csproj", "{383213D6-F1E7-4467-8C51-6AECEC9C3293}"
EndProject
Project("{FAE04EC0-301F-11D3-BF4B-00C04F79EFBC}") = "Ecommerce.models", "Ecommerce.models\Ecommerce.models.csproj", "{51ADBCED-5A31-454B-8096-1AF3FB435AEC}"
EndProject
Project("{FAE04EC0-301F-11D3-BF4B-00C04F79EFBC}") = "Ecommerce.DA", "Ecommerce.DA\Ecommerce.DA.csproj", "{6840A7E4-6C7B-4B8A-BD72-39A7D79049F7}"
EndProject
Global
	GlobalSection(SolutionConfigurationPlatforms) = preSolution
		Debug|Any CPU = Debug|Any CPU
		Release|Any CPU = Release|Any CPU
	EndGlobalSection
	GlobalSection(ProjectConfigurationPlatforms) = postSolution
		{383213D6-F1E7-4467-8C51-6AECEC9C3293}.Debug|Any CPU.ActiveCfg = Debug|Any CPU
		{383213D6-F1E7-4467-8C51-6AECEC9C3293}.Debug|Any CPU.Build.0 = Debug|Any CPU
		{383213D6-F1E7-4467-8C51-6AECEC9C3293}.Release|Any CPU.ActiveCfg = Release|Any CPU
		{383213D6-F1E7-4467-8C51-6AECEC9C3293}.Release|Any CPU.Build.0 = Release|Any CPU
		{51ADBCED-5A31-454B-8096-1AF3FB435AEC}.Debug|Any CPU.ActiveCfg = Debug|Any CPU
		{51ADBCED-5A31-454B-8096-1AF3FB435AEC}.Debug|Any CPU.Build.0 = Debug|Any CPU
		{51ADBCED-5A31-454B-8096-1AF3FB435AEC}.Release|Any CPU.ActiveCfg = Release|Any CPU
		{51ADBCED-5A31-454B-8096-1AF3FB435AEC}.Release|Any CPU.Build.0 = Release|Any CPU
		{6840A7E4-6C7B-4B8A-BD72-39A7D79049F7}.Debug|Any CPU.ActiveCfg = Debug|Any CPU
		{6840A7E4-6C7B-4B8A-BD72-39A7D79049F7}.Debug|Any CPU.Build.0 = Debug|Any CPU
		{6840A7E4-6C7B-4B8A-BD72-39A7D79049F7}.Release|Any CPU.ActiveCfg = Release|Any CPU
		{6840A7E4-6C7B-4B8A-BD72-39A7D79049F7}.Release|Any CPU.Build.0 = Release|Any CPU
	EndGlobalSection
	GlobalSection(SolutionProperties) = preSolution
		HideSolutionNode = FALSE
	EndGlobalSection
	GlobalSection(ExtensibilityGlobals) = postSolution
		SolutionGuid = {40CF689C-7BC6-4B5D-868B-3C627C05A3AA}
	EndGlobalSection
EndGlobal
